
Microsoft Visual Studio Solution File, Format Version 12.00
# Visual Studio Version 16
VisualStudioVersion = 16.0.30503.244
MinimumVisualStudioVersion = 10.0.40219.1
Project("{FAE04EC0-301F-11D3-BF4B-00C04F79EFBC}") = "StructTask", "StructTask\StructTask.csproj", "{C77A4DAC-CC0C-4D4A-B297-8E4F516AC2F7}"
EndProject
Project("{FAE04EC0-301F-11D3-BF4B-00C04F79EFBC}") = "StructTask.Tests", "StructTask.Tests\StructTask.Tests.csproj", "{4485EB68-1BD0-4C5E-AC4C-43AFEA7711EE}"
EndProject
Global
	GlobalSection(SolutionConfigurationPlatforms) = preSolution
		Debug|Any CPU = Debug|Any CPU
		Release|Any CPU = Release|Any CPU
	EndGlobalSection
	GlobalSection(ProjectConfigurationPlatforms) = postSolution
		{C77A4DAC-CC0C-4D4A-B297-8E4F516AC2F7}.Debug|Any CPU.ActiveCfg = Debug|Any CPU
		{C77A4DAC-CC0C-4D4A-B297-8E4F516AC2F7}.Debug|Any CPU.Build.0 = Debug|Any CPU
		{C77A4DAC-CC0C-4D4A-B297-8E4F516AC2F7}.Release|Any CPU.ActiveCfg = Release|Any CPU
		{C77A4DAC-CC0C-4D4A-B297-8E4F516AC2F7}.Release|Any CPU.Build.0 = Release|Any CPU
		{4485EB68-1BD0-4C5E-AC4C-43AFEA7711EE}.Debug|Any CPU.ActiveCfg = Debug|Any CPU
		{4485EB68-1BD0-4C5E-AC4C-43AFEA7711EE}.Debug|Any CPU.Build.0 = Debug|Any CPU
		{4485EB68-1BD0-4C5E-AC4C-43AFEA7711EE}.Release|Any CPU.ActiveCfg = Release|Any CPU
		{4485EB68-1BD0-4C5E-AC4C-43AFEA7711EE}.Release|Any CPU.Build.0 = Release|Any CPU
	EndGlobalSection
	GlobalSection(SolutionProperties) = preSolution
		HideSolutionNode = FALSE
	EndGlobalSection
	GlobalSection(ExtensibilityGlobals) = postSolution
		SolutionGuid = {A4A666B2-EFDA-471E-BBA5-0215AD69C64E}
	EndGlobalSection
EndGlobal
